{
  "name": "bktutoring",
  "version": "1.0.0",
  "lockfileVersion": 1,
  "requires": true,
  "dependencies": {
    "elix": {
      "version": "6.0.2",
      "resolved": "https://registry.npmjs.org/elix/-/elix-6.0.2.tgz",
      "integrity": "sha512-vE0sbx7BACUQR5Ig1vgKrrLDr2kmxAaNmUMANAoXRqOFJAlaCrwe9qmC1cRvtfjVyr7/9aRChCIp9krn5r0udg=="
    }
  }
}
